
Microsoft Visual Studio Solution File, Format Version 12.00
# Visual Studio Version 17
VisualStudioVersion = 17.8.34330.188
MinimumVisualStudioVersion = 10.0.40219.1
Project("{FAE04EC0-301F-11D3-BF4B-00C04F79EFBC}") = "Sudoku", "Sudoku\Sudoku.csproj", "{3D66243C-2204-47DE-B7AF-7CB40B9A3A34}"
EndProject
Global
	GlobalSection(SolutionConfigurationPlatforms) = preSolution
		Debug|Any CPU = Debug|Any CPU
		Release|Any CPU = Release|Any CPU
	EndGlobalSection
	GlobalSection(ProjectConfigurationPlatforms) = postSolution
		{3D66243C-2204-47DE-B7AF-7CB40B9A3A34}.Debug|Any CPU.ActiveCfg = Debug|Any CPU
		{3D66243C-2204-47DE-B7AF-7CB40B9A3A34}.Debug|Any CPU.Build.0 = Debug|Any CPU
		{3D66243C-2204-47DE-B7AF-7CB40B9A3A34}.Release|Any CPU.ActiveCfg = Release|Any CPU
		{3D66243C-2204-47DE-B7AF-7CB40B9A3A34}.Release|Any CPU.Build.0 = Release|Any CPU
	EndGlobalSection
	GlobalSection(SolutionProperties) = preSolution
		HideSolutionNode = FALSE
	EndGlobalSection
	GlobalSection(ExtensibilityGlobals) = postSolution
		SolutionGuid = {6B0F7142-B07B-4C5C-8514-BEF32FF3D86A}
	EndGlobalSection
EndGlobal
