
Microsoft Visual Studio Solution File, Format Version 12.00
Project("{FAE04EC0-301F-11D3-BF4B-00C04F79EFBC}") = "ADO.NET", "ADO.NET\ADO.NET.csproj", "{136373AF-4FEC-4007-AF85-9DF3938CC36A}"
EndProject
Project("{FAE04EC0-301F-11D3-BF4B-00C04F79EFBC}") = "RepositoryTests", "RepositoryTests\RepositoryTests.csproj", "{F698CDB4-6E55-4AE5-B387-95576608EDE7}"
EndProject
Global
	GlobalSection(SolutionConfigurationPlatforms) = preSolution
		Debug|Any CPU = Debug|Any CPU
		Release|Any CPU = Release|Any CPU
	EndGlobalSection
	GlobalSection(ProjectConfigurationPlatforms) = postSolution
		{136373AF-4FEC-4007-AF85-9DF3938CC36A}.Debug|Any CPU.ActiveCfg = Debug|Any CPU
		{136373AF-4FEC-4007-AF85-9DF3938CC36A}.Debug|Any CPU.Build.0 = Debug|Any CPU
		{136373AF-4FEC-4007-AF85-9DF3938CC36A}.Release|Any CPU.ActiveCfg = Release|Any CPU
		{136373AF-4FEC-4007-AF85-9DF3938CC36A}.Release|Any CPU.Build.0 = Release|Any CPU
		{F698CDB4-6E55-4AE5-B387-95576608EDE7}.Debug|Any CPU.ActiveCfg = Debug|Any CPU
		{F698CDB4-6E55-4AE5-B387-95576608EDE7}.Debug|Any CPU.Build.0 = Debug|Any CPU
		{F698CDB4-6E55-4AE5-B387-95576608EDE7}.Release|Any CPU.ActiveCfg = Release|Any CPU
		{F698CDB4-6E55-4AE5-B387-95576608EDE7}.Release|Any CPU.Build.0 = Release|Any CPU
	EndGlobalSection
EndGlobal
