
Microsoft Visual Studio Solution File, Format Version 12.00
# Visual Studio Version 17
VisualStudioVersion = 17.7.34221.43
MinimumVisualStudioVersion = 10.0.40219.1
Project("{FAE04EC0-301F-11D3-BF4B-00C04F79EFBC}") = "RecentlyUsedLibrary", "RecentlyUsedLibrary\RecentlyUsedLibrary.csproj", "{D2AD01EA-7929-4807-939B-6D62E070499D}"
EndProject
Project("{FAE04EC0-301F-11D3-BF4B-00C04F79EFBC}") = "RecentlyUsedListTests", "RecentlyUsedListTests\RecentlyUsedListTests.csproj", "{4A277FCC-6816-4BFF-93B6-C9092D831F59}"
EndProject
Global
	GlobalSection(SolutionConfigurationPlatforms) = preSolution
		Debug|Any CPU = Debug|Any CPU
		Release|Any CPU = Release|Any CPU
	EndGlobalSection
	GlobalSection(ProjectConfigurationPlatforms) = postSolution
		{D2AD01EA-7929-4807-939B-6D62E070499D}.Debug|Any CPU.ActiveCfg = Debug|Any CPU
		{D2AD01EA-7929-4807-939B-6D62E070499D}.Debug|Any CPU.Build.0 = Debug|Any CPU
		{D2AD01EA-7929-4807-939B-6D62E070499D}.Release|Any CPU.ActiveCfg = Release|Any CPU
		{D2AD01EA-7929-4807-939B-6D62E070499D}.Release|Any CPU.Build.0 = Release|Any CPU
		{4A277FCC-6816-4BFF-93B6-C9092D831F59}.Debug|Any CPU.ActiveCfg = Debug|Any CPU
		{4A277FCC-6816-4BFF-93B6-C9092D831F59}.Debug|Any CPU.Build.0 = Debug|Any CPU
		{4A277FCC-6816-4BFF-93B6-C9092D831F59}.Release|Any CPU.ActiveCfg = Release|Any CPU
		{4A277FCC-6816-4BFF-93B6-C9092D831F59}.Release|Any CPU.Build.0 = Release|Any CPU
	EndGlobalSection
	GlobalSection(SolutionProperties) = preSolution
		HideSolutionNode = FALSE
	EndGlobalSection
	GlobalSection(ExtensibilityGlobals) = postSolution
		SolutionGuid = {449F72FA-179A-47AE-97B1-41F566B660D6}
	EndGlobalSection
EndGlobal
