
Microsoft Visual Studio Solution File, Format Version 12.00
# Visual Studio Version 17
VisualStudioVersion = 17.7.34221.43
MinimumVisualStudioVersion = 10.0.40219.1
Project("{FAE04EC0-301F-11D3-BF4B-00C04F79EFBC}") = "NaturalOrderStringSorting", "NaturalOrderStringSorting\NaturalOrderStringSorting.csproj", "{92DCE4B9-9BE1-4A46-AE9E-C5D307C73949}"
EndProject
Project("{FAE04EC0-301F-11D3-BF4B-00C04F79EFBC}") = "NaturalOrderStringSortingClass", "NaturalOrderStringSortingClass\NaturalOrderStringSortingClass.csproj", "{25202CCB-EAE5-4075-8FF5-06E320AE7A07}"
EndProject
Global
	GlobalSection(SolutionConfigurationPlatforms) = preSolution
		Debug|Any CPU = Debug|Any CPU
		Release|Any CPU = Release|Any CPU
	EndGlobalSection
	GlobalSection(ProjectConfigurationPlatforms) = postSolution
		{92DCE4B9-9BE1-4A46-AE9E-C5D307C73949}.Debug|Any CPU.ActiveCfg = Debug|Any CPU
		{92DCE4B9-9BE1-4A46-AE9E-C5D307C73949}.Debug|Any CPU.Build.0 = Debug|Any CPU
		{92DCE4B9-9BE1-4A46-AE9E-C5D307C73949}.Release|Any CPU.ActiveCfg = Release|Any CPU
		{92DCE4B9-9BE1-4A46-AE9E-C5D307C73949}.Release|Any CPU.Build.0 = Release|Any CPU
		{25202CCB-EAE5-4075-8FF5-06E320AE7A07}.Debug|Any CPU.ActiveCfg = Debug|Any CPU
		{25202CCB-EAE5-4075-8FF5-06E320AE7A07}.Debug|Any CPU.Build.0 = Debug|Any CPU
		{25202CCB-EAE5-4075-8FF5-06E320AE7A07}.Release|Any CPU.ActiveCfg = Release|Any CPU
		{25202CCB-EAE5-4075-8FF5-06E320AE7A07}.Release|Any CPU.Build.0 = Release|Any CPU
	EndGlobalSection
	GlobalSection(SolutionProperties) = preSolution
		HideSolutionNode = FALSE
	EndGlobalSection
	GlobalSection(ExtensibilityGlobals) = postSolution
		SolutionGuid = {AE236F5D-3281-4DCB-84D3-4B9E48BB51DE}
	EndGlobalSection
EndGlobal
