
Microsoft Visual Studio Solution File, Format Version 12.00
# Visual Studio Version 17
VisualStudioVersion = 17.7.34221.43
MinimumVisualStudioVersion = 10.0.40219.1
Project("{FAE04EC0-301F-11D3-BF4B-00C04F79EFBC}") = "OOP Task Tests", "OOP Task Tests\OOP Task Tests.csproj", "{89402916-F443-4949-BD33-D9BA1021416C}"
EndProject
Project("{FAE04EC0-301F-11D3-BF4B-00C04F79EFBC}") = "OOP Task", "OOP Task\OOP Task.csproj", "{4DB28418-AEE4-4BBA-B923-8D58FEE952C5}"
EndProject
Global
	GlobalSection(SolutionConfigurationPlatforms) = preSolution
		Debug|Any CPU = Debug|Any CPU
		Release|Any CPU = Release|Any CPU
	EndGlobalSection
	GlobalSection(ProjectConfigurationPlatforms) = postSolution
		{89402916-F443-4949-BD33-D9BA1021416C}.Debug|Any CPU.ActiveCfg = Debug|Any CPU
		{89402916-F443-4949-BD33-D9BA1021416C}.Debug|Any CPU.Build.0 = Debug|Any CPU
		{89402916-F443-4949-BD33-D9BA1021416C}.Release|Any CPU.ActiveCfg = Release|Any CPU
		{89402916-F443-4949-BD33-D9BA1021416C}.Release|Any CPU.Build.0 = Release|Any CPU
		{4DB28418-AEE4-4BBA-B923-8D58FEE952C5}.Debug|Any CPU.ActiveCfg = Debug|Any CPU
		{4DB28418-AEE4-4BBA-B923-8D58FEE952C5}.Debug|Any CPU.Build.0 = Debug|Any CPU
		{4DB28418-AEE4-4BBA-B923-8D58FEE952C5}.Release|Any CPU.ActiveCfg = Release|Any CPU
		{4DB28418-AEE4-4BBA-B923-8D58FEE952C5}.Release|Any CPU.Build.0 = Release|Any CPU
	EndGlobalSection
	GlobalSection(SolutionProperties) = preSolution
		HideSolutionNode = FALSE
	EndGlobalSection
	GlobalSection(ExtensibilityGlobals) = postSolution
		SolutionGuid = {124D2323-822E-440C-A680-F3D27B803BE2}
	EndGlobalSection
EndGlobal
