
Microsoft Visual Studio Solution File, Format Version 12.00
# Visual Studio Version 17
VisualStudioVersion = 17.7.34221.43
MinimumVisualStudioVersion = 10.0.40219.1
Project("{FAE04EC0-301F-11D3-BF4B-00C04F79EFBC}") = "ORM TESTS", "ORM TESTS.csproj", "{F07B1FBD-8CD7-456B-B0FD-74E9A9F56F82}"
EndProject
Project("{FAE04EC0-301F-11D3-BF4B-00C04F79EFBC}") = "ORM Classes", "..\ORM Classes\ORM Classes.csproj", "{72AA83EF-9218-4877-9647-EC5E9082DF83}"
EndProject
Project("{00D1A9C2-B5F0-4AF3-8072-F6C62B433612}") = "DatabaseProject", "..\DatabaseProject\DatabaseProject.sqlproj", "{7687B067-6075-4C83-A815-0460EB6EB4DD}"
EndProject
Global
	GlobalSection(SolutionConfigurationPlatforms) = preSolution
		Debug|Any CPU = Debug|Any CPU
		Release|Any CPU = Release|Any CPU
	EndGlobalSection
	GlobalSection(ProjectConfigurationPlatforms) = postSolution
		{F07B1FBD-8CD7-456B-B0FD-74E9A9F56F82}.Debug|Any CPU.ActiveCfg = Debug|Any CPU
		{F07B1FBD-8CD7-456B-B0FD-74E9A9F56F82}.Debug|Any CPU.Build.0 = Debug|Any CPU
		{F07B1FBD-8CD7-456B-B0FD-74E9A9F56F82}.Release|Any CPU.ActiveCfg = Release|Any CPU
		{F07B1FBD-8CD7-456B-B0FD-74E9A9F56F82}.Release|Any CPU.Build.0 = Release|Any CPU
		{72AA83EF-9218-4877-9647-EC5E9082DF83}.Debug|Any CPU.ActiveCfg = Debug|Any CPU
		{72AA83EF-9218-4877-9647-EC5E9082DF83}.Debug|Any CPU.Build.0 = Debug|Any CPU
		{72AA83EF-9218-4877-9647-EC5E9082DF83}.Release|Any CPU.ActiveCfg = Release|Any CPU
		{72AA83EF-9218-4877-9647-EC5E9082DF83}.Release|Any CPU.Build.0 = Release|Any CPU
		{7687B067-6075-4C83-A815-0460EB6EB4DD}.Debug|Any CPU.ActiveCfg = Debug|Any CPU
		{7687B067-6075-4C83-A815-0460EB6EB4DD}.Debug|Any CPU.Build.0 = Debug|Any CPU
		{7687B067-6075-4C83-A815-0460EB6EB4DD}.Debug|Any CPU.Deploy.0 = Debug|Any CPU
		{7687B067-6075-4C83-A815-0460EB6EB4DD}.Release|Any CPU.ActiveCfg = Release|Any CPU
		{7687B067-6075-4C83-A815-0460EB6EB4DD}.Release|Any CPU.Build.0 = Release|Any CPU
		{7687B067-6075-4C83-A815-0460EB6EB4DD}.Release|Any CPU.Deploy.0 = Release|Any CPU
	EndGlobalSection
	GlobalSection(SolutionProperties) = preSolution
		HideSolutionNode = FALSE
	EndGlobalSection
	GlobalSection(ExtensibilityGlobals) = postSolution
		SolutionGuid = {F328AA48-B6B6-4207-B6CF-59ADAA81FC4D}
	EndGlobalSection
EndGlobal
