
Microsoft Visual Studio Solution File, Format Version 12.00
# Visual Studio Version 17
VisualStudioVersion = 17.7.34221.43
MinimumVisualStudioVersion = 10.0.40219.1
Project("{FAE04EC0-301F-11D3-BF4B-00C04F79EFBC}") = "StringSum", "StringSum\StringSum.csproj", "{0D1D78B1-C342-4ED4-9298-9914B56158A1}"
EndProject
Project("{FAE04EC0-301F-11D3-BF4B-00C04F79EFBC}") = "StringSumTests", "StringSumTests\StringSumTests.csproj", "{5F775D4F-9AF5-45EE-AD5A-20037DC80775}"
EndProject
Global
	GlobalSection(SolutionConfigurationPlatforms) = preSolution
		Debug|Any CPU = Debug|Any CPU
		Release|Any CPU = Release|Any CPU
	EndGlobalSection
	GlobalSection(ProjectConfigurationPlatforms) = postSolution
		{0D1D78B1-C342-4ED4-9298-9914B56158A1}.Debug|Any CPU.ActiveCfg = Debug|Any CPU
		{0D1D78B1-C342-4ED4-9298-9914B56158A1}.Debug|Any CPU.Build.0 = Debug|Any CPU
		{0D1D78B1-C342-4ED4-9298-9914B56158A1}.Release|Any CPU.ActiveCfg = Release|Any CPU
		{0D1D78B1-C342-4ED4-9298-9914B56158A1}.Release|Any CPU.Build.0 = Release|Any CPU
		{5F775D4F-9AF5-45EE-AD5A-20037DC80775}.Debug|Any CPU.ActiveCfg = Debug|Any CPU
		{5F775D4F-9AF5-45EE-AD5A-20037DC80775}.Debug|Any CPU.Build.0 = Debug|Any CPU
		{5F775D4F-9AF5-45EE-AD5A-20037DC80775}.Release|Any CPU.ActiveCfg = Release|Any CPU
		{5F775D4F-9AF5-45EE-AD5A-20037DC80775}.Release|Any CPU.Build.0 = Release|Any CPU
	EndGlobalSection
	GlobalSection(SolutionProperties) = preSolution
		HideSolutionNode = FALSE
	EndGlobalSection
	GlobalSection(ExtensibilityGlobals) = postSolution
		SolutionGuid = {F12A0A57-15A5-4445-86FA-C1FE6DCEB751}
	EndGlobalSection
EndGlobal
