
Microsoft Visual Studio Solution File, Format Version 12.00
# Visual Studio Version 17
VisualStudioVersion = 17.7.34221.43
MinimumVisualStudioVersion = 10.0.40219.1
Project("{FAE04EC0-301F-11D3-BF4B-00C04F79EFBC}") = "DictionaryReplacer", "DictionaryReplacer\DictionaryReplacer.csproj", "{B1014EC7-37E1-4178-BD86-5B1EED20C2BA}"
EndProject
Global
	GlobalSection(SolutionConfigurationPlatforms) = preSolution
		Debug|Any CPU = Debug|Any CPU
		Release|Any CPU = Release|Any CPU
	EndGlobalSection
	GlobalSection(ProjectConfigurationPlatforms) = postSolution
		{B1014EC7-37E1-4178-BD86-5B1EED20C2BA}.Debug|Any CPU.ActiveCfg = Debug|Any CPU
		{B1014EC7-37E1-4178-BD86-5B1EED20C2BA}.Debug|Any CPU.Build.0 = Debug|Any CPU
		{B1014EC7-37E1-4178-BD86-5B1EED20C2BA}.Release|Any CPU.ActiveCfg = Release|Any CPU
		{B1014EC7-37E1-4178-BD86-5B1EED20C2BA}.Release|Any CPU.Build.0 = Release|Any CPU
	EndGlobalSection
	GlobalSection(SolutionProperties) = preSolution
		HideSolutionNode = FALSE
	EndGlobalSection
	GlobalSection(ExtensibilityGlobals) = postSolution
		SolutionGuid = {97CF37FE-0491-4773-B25F-766F8665F330}
	EndGlobalSection
EndGlobal
