
Microsoft Visual Studio Solution File, Format Version 12.00
# Visual Studio Version 17
VisualStudioVersion = 17.7.34221.43
MinimumVisualStudioVersion = 10.0.40219.1
Project("{9A19103F-16F7-4668-BE54-9A1E7A4F7556}") = "ClassLibrary1", "ClassLibrary1\ClassLibrary1.csproj", "{C61019C4-67B3-4D2E-BF61-A85B27F956FC}"
EndProject
Project("{9A19103F-16F7-4668-BE54-9A1E7A4F7556}") = "TestProject1", "TestProject1\TestProject1.csproj", "{3E2CEEB3-C6C2-4F34-B654-6DDEF36CF665}"
EndProject
Project("{FAE04EC0-301F-11D3-BF4B-00C04F79EFBC}") = "ConfigurationManagerConfigurationProvider", "ConfigurationAttributeComponentBase\ConfigurationManagerConfigurationProvider.csproj", "{061BB371-9D1D-400E-9CC3-DEBD452ADF75}"
EndProject
Project("{FAE04EC0-301F-11D3-BF4B-00C04F79EFBC}") = "FileConfigurationProvider", "FileConfigurationProvider\FileConfigurationProvider.csproj", "{FEF8A46F-47BA-44C0-BD00-6CBCA22282F2}"
EndProject
Global
	GlobalSection(SolutionConfigurationPlatforms) = preSolution
		Debug|Any CPU = Debug|Any CPU
		Release|Any CPU = Release|Any CPU
	EndGlobalSection
	GlobalSection(ProjectConfigurationPlatforms) = postSolution
		{C61019C4-67B3-4D2E-BF61-A85B27F956FC}.Debug|Any CPU.ActiveCfg = Debug|Any CPU
		{C61019C4-67B3-4D2E-BF61-A85B27F956FC}.Debug|Any CPU.Build.0 = Debug|Any CPU
		{C61019C4-67B3-4D2E-BF61-A85B27F956FC}.Release|Any CPU.ActiveCfg = Release|Any CPU
		{C61019C4-67B3-4D2E-BF61-A85B27F956FC}.Release|Any CPU.Build.0 = Release|Any CPU
		{3E2CEEB3-C6C2-4F34-B654-6DDEF36CF665}.Debug|Any CPU.ActiveCfg = Debug|Any CPU
		{3E2CEEB3-C6C2-4F34-B654-6DDEF36CF665}.Debug|Any CPU.Build.0 = Debug|Any CPU
		{3E2CEEB3-C6C2-4F34-B654-6DDEF36CF665}.Release|Any CPU.ActiveCfg = Release|Any CPU
		{3E2CEEB3-C6C2-4F34-B654-6DDEF36CF665}.Release|Any CPU.Build.0 = Release|Any CPU
		{061BB371-9D1D-400E-9CC3-DEBD452ADF75}.Debug|Any CPU.ActiveCfg = Debug|Any CPU
		{061BB371-9D1D-400E-9CC3-DEBD452ADF75}.Debug|Any CPU.Build.0 = Debug|Any CPU
		{061BB371-9D1D-400E-9CC3-DEBD452ADF75}.Release|Any CPU.ActiveCfg = Release|Any CPU
		{061BB371-9D1D-400E-9CC3-DEBD452ADF75}.Release|Any CPU.Build.0 = Release|Any CPU
		{FEF8A46F-47BA-44C0-BD00-6CBCA22282F2}.Debug|Any CPU.ActiveCfg = Debug|Any CPU
		{FEF8A46F-47BA-44C0-BD00-6CBCA22282F2}.Debug|Any CPU.Build.0 = Debug|Any CPU
		{FEF8A46F-47BA-44C0-BD00-6CBCA22282F2}.Release|Any CPU.ActiveCfg = Release|Any CPU
		{FEF8A46F-47BA-44C0-BD00-6CBCA22282F2}.Release|Any CPU.Build.0 = Release|Any CPU
	EndGlobalSection
	GlobalSection(SolutionProperties) = preSolution
		HideSolutionNode = FALSE
	EndGlobalSection
	GlobalSection(ExtensibilityGlobals) = postSolution
		SolutionGuid = {8CF86ED8-306A-46BF-8A39-216CD951EE1A}
	EndGlobalSection
EndGlobal
