
Microsoft Visual Studio Solution File, Format Version 12.00
# Visual Studio Version 17
VisualStudioVersion = 17.7.34221.43
MinimumVisualStudioVersion = 10.0.40219.1
Project("{FAE04EC0-301F-11D3-BF4B-00C04F79EFBC}") = "ReflectionClasses", "..\ReflectionClasses\ReflectionClasses.csproj", "{11056C87-7EF6-4AA3-8041-8ABA2CFDB9F9}"
EndProject
Project("{FAE04EC0-301F-11D3-BF4B-00C04F79EFBC}") = "ReflectionTests", "..\ReflectionTests\ReflectionTests.csproj", "{95F1287E-5365-4403-8F54-433125D19428}"
EndProject
Global
	GlobalSection(SolutionConfigurationPlatforms) = preSolution
		Debug|Any CPU = Debug|Any CPU
		Release|Any CPU = Release|Any CPU
	EndGlobalSection
	GlobalSection(ProjectConfigurationPlatforms) = postSolution
		{11056C87-7EF6-4AA3-8041-8ABA2CFDB9F9}.Debug|Any CPU.ActiveCfg = Debug|Any CPU
		{11056C87-7EF6-4AA3-8041-8ABA2CFDB9F9}.Debug|Any CPU.Build.0 = Debug|Any CPU
		{11056C87-7EF6-4AA3-8041-8ABA2CFDB9F9}.Release|Any CPU.ActiveCfg = Release|Any CPU
		{11056C87-7EF6-4AA3-8041-8ABA2CFDB9F9}.Release|Any CPU.Build.0 = Release|Any CPU
		{95F1287E-5365-4403-8F54-433125D19428}.Debug|Any CPU.ActiveCfg = Debug|Any CPU
		{95F1287E-5365-4403-8F54-433125D19428}.Debug|Any CPU.Build.0 = Debug|Any CPU
		{95F1287E-5365-4403-8F54-433125D19428}.Release|Any CPU.ActiveCfg = Release|Any CPU
		{95F1287E-5365-4403-8F54-433125D19428}.Release|Any CPU.Build.0 = Release|Any CPU
	EndGlobalSection
	GlobalSection(SolutionProperties) = preSolution
		HideSolutionNode = FALSE
	EndGlobalSection
	GlobalSection(ExtensibilityGlobals) = postSolution
		SolutionGuid = {8CF86ED8-306A-46BF-8A39-216CD951EE1A}
	EndGlobalSection
EndGlobal
