
Microsoft Visual Studio Solution File, Format Version 12.00
# Visual Studio Version 17
VisualStudioVersion = 17.7.34221.43
MinimumVisualStudioVersion = 10.0.40219.1
Project("{FAE04EC0-301F-11D3-BF4B-00C04F79EFBC}") = "BerlinClock", "BerlinClock.csproj", "{3DDEDF52-2E13-4E67-9D3D-34673AD236E8}"
EndProject
Project("{FAE04EC0-301F-11D3-BF4B-00C04F79EFBC}") = "BerlinCLockTests", "..\BerlinCLockTests\BerlinCLockTests.csproj", "{209773D1-96E0-4E04-A10C-F00C3E3242F4}"
EndProject
Global
	GlobalSection(SolutionConfigurationPlatforms) = preSolution
		Debug|Any CPU = Debug|Any CPU
		Release|Any CPU = Release|Any CPU
	EndGlobalSection
	GlobalSection(ProjectConfigurationPlatforms) = postSolution
		{3DDEDF52-2E13-4E67-9D3D-34673AD236E8}.Debug|Any CPU.ActiveCfg = Debug|Any CPU
		{3DDEDF52-2E13-4E67-9D3D-34673AD236E8}.Debug|Any CPU.Build.0 = Debug|Any CPU
		{3DDEDF52-2E13-4E67-9D3D-34673AD236E8}.Release|Any CPU.ActiveCfg = Release|Any CPU
		{3DDEDF52-2E13-4E67-9D3D-34673AD236E8}.Release|Any CPU.Build.0 = Release|Any CPU
		{209773D1-96E0-4E04-A10C-F00C3E3242F4}.Debug|Any CPU.ActiveCfg = Debug|Any CPU
		{209773D1-96E0-4E04-A10C-F00C3E3242F4}.Debug|Any CPU.Build.0 = Debug|Any CPU
		{209773D1-96E0-4E04-A10C-F00C3E3242F4}.Release|Any CPU.ActiveCfg = Release|Any CPU
		{209773D1-96E0-4E04-A10C-F00C3E3242F4}.Release|Any CPU.Build.0 = Release|Any CPU
	EndGlobalSection
	GlobalSection(SolutionProperties) = preSolution
		HideSolutionNode = FALSE
	EndGlobalSection
	GlobalSection(ExtensibilityGlobals) = postSolution
		SolutionGuid = {9B4EFB43-3A85-4E24-954E-1FE61D279BF4}
	EndGlobalSection
EndGlobal
